<?xml version="1.0" encoding="utf-8"?>
<Project ToolsVersion="4.0" xmlns="http://schemas.microsoft.com/developer/msbuild/2003">
  <ItemGroup>
    <ClCompile Include="main.cpp" />
    <ClCompile Include="ONEngine\Window\WinApp.cpp">
      <Filter>ONEngine\Window</Filter>
    </ClCompile>
    <ClCompile Include="ONEngine\Logger\Logger.cpp">
      <Filter>ONEngine\Logger</Filter>
    </ClCompile>
    <ClCompile Include="ONEngine\DirectX\DxCommon.cpp">
      <Filter>ONEngine\DirectX</Filter>
    </ClCompile>
    <ClCompile Include="ONEngine\FrameTimer\FrameTimer.cpp">
      <Filter>ONEngine\FramTimer</Filter>
    </ClCompile>
    <ClCompile Include="ONEngine\DirectX\DxDevice.cpp">
      <Filter>ONEngine\DirectX</Filter>
    </ClCompile>
    <ClCompile Include="ONEngine\DirectX\DxCommand.cpp">
      <Filter>ONEngine\DirectX</Filter>
    </ClCompile>
    <ClCompile Include="ONEngine\DirectX\DxDoubleBuffer.cpp">
      <Filter>ONEngine\DirectX</Filter>
    </ClCompile>
    <ClCompile Include="ONEngine\DirectX\DxDescriptor.cpp">
      <Filter>ONEngine\DirectX</Filter>
    </ClCompile>
    <ClCompile Include="ONEngine\DirectX\DxDebug.cpp">
      <Filter>ONEngine\DirectX</Filter>
    </ClCompile>
    <ClCompile Include="ONEngine\DirectX\DxShaderCompiler.cpp">
      <Filter>ONEngine\DirectX</Filter>
    </ClCompile>
    <ClCompile Include="ONEngine\Math\Vector2.cpp">
      <Filter>ONEngine\Math</Filter>
    </ClCompile>
    <ClCompile Include="ONEngine\Math\Vector3.cpp">
      <Filter>ONEngine\Math</Filter>
    </ClCompile>
    <ClCompile Include="ONEngine\Math\Vector4.cpp">
      <Filter>ONEngine\Math</Filter>
    </ClCompile>
  </ItemGroup>
  <ItemGroup>
    <Filter Include="ONEngine">
      <UniqueIdentifier>{614b6c8f-8302-4e3c-9c7c-2e93cdb2150a}</UniqueIdentifier>
    </Filter>
    <Filter Include="ONEngine\Window">
      <UniqueIdentifier>{b04566a3-be33-46ba-90dd-754a028bf064}</UniqueIdentifier>
    </Filter>
    <Filter Include="ONEngine\Logger">
      <UniqueIdentifier>{8a6708dd-c149-4e8c-b62f-7afae548c7aa}</UniqueIdentifier>
    </Filter>
    <Filter Include="ONEngine\DirectX">
      <UniqueIdentifier>{c6f6f37c-c908-44e7-ad6b-7872ef8fa652}</UniqueIdentifier>
    </Filter>
    <Filter Include="ONEngine\FramTimer">
      <UniqueIdentifier>{d6093c69-a674-4b94-8898-228b1db0f71c}</UniqueIdentifier>
    </Filter>
    <Filter Include="ONEngine\Math">
      <UniqueIdentifier>{b6760612-73c0-4d5f-a6b0-c2fcc4ff5c14}</UniqueIdentifier>
    </Filter>
  </ItemGroup>
  <ItemGroup>
    <ClInclude Include="ONEngine\Window\WinApp.h">
      <Filter>ONEngine\Window</Filter>
    </ClInclude>
    <ClInclude Include="ONEngine\Logger\Logger.h">
      <Filter>ONEngine\Logger</Filter>
    </ClInclude>
    <ClInclude Include="ONEngine\DirectX\DxCommon.h">
      <Filter>ONEngine\DirectX</Filter>
    </ClInclude>
    <ClInclude Include="ONEngine\FrameTimer\FrameTimer.h">
      <Filter>ONEngine\FramTimer</Filter>
    </ClInclude>
    <ClInclude Include="ONEngine\DirectX\DxDevice.h">
      <Filter>ONEngine\DirectX</Filter>
    </ClInclude>
    <ClInclude Include="ONEngine\DirectX\DxCommand.h">
      <Filter>ONEngine\DirectX</Filter>
    </ClInclude>
    <ClInclude Include="ONEngine\DirectX\DxDoubleBuffer.h">
      <Filter>ONEngine\DirectX</Filter>
    </ClInclude>
    <ClInclude Include="ONEngine\DirectX\DxDescriptor.h">
      <Filter>ONEngine\DirectX</Filter>
    </ClInclude>
    <ClInclude Include="ONEngine\DirectX\DxDebug.h">
      <Filter>ONEngine\DirectX</Filter>
    </ClInclude>
    <ClInclude Include="ONEngine\DirectX\DxShaderCompiler.h">
      <Filter>ONEngine\DirectX</Filter>
    </ClInclude>
    <ClInclude Include="ONEngine\Math\Vector2.h">
      <Filter>ONEngine\Math</Filter>
    </ClInclude>
    <ClInclude Include="ONEngine\Math\Vector3.h">
      <Filter>ONEngine\Math</Filter>
    </ClInclude>
    <ClInclude Include="ONEngine\Math\Vector4.h">
      <Filter>ONEngine\Math</Filter>
    </ClInclude>
  </ItemGroup>
</Project>