<?xml version="1.0" encoding="utf-8"?>
<Project ToolsVersion="4.0" xmlns="http://schemas.microsoft.com/developer/msbuild/2003">
  <ItemGroup>
    <ClCompile Include="main.cpp" />
    <ClCompile Include="ONEngine\Window\WinApp.cpp">
      <Filter>ONEngine\Window</Filter>
    </ClCompile>
    <ClCompile Include="ONEngine\Logger\Logger.cpp">
      <Filter>ONEngine\Logger</Filter>
    </ClCompile>
    <ClCompile Include="ONEngine\DirectX\DxCommon.cpp">
      <Filter>ONEngine\DirectX</Filter>
    </ClCompile>
    <ClCompile Include="ONEngine\DirectX\DxDevice.cpp">
      <Filter>ONEngine\DirectX</Filter>
    </ClCompile>
    <ClCompile Include="ONEngine\DirectX\DxCommand.cpp">
      <Filter>ONEngine\DirectX</Filter>
    </ClCompile>
    <ClCompile Include="ONEngine\DirectX\DxDoubleBuffer.cpp">
      <Filter>ONEngine\DirectX</Filter>
    </ClCompile>
    <ClCompile Include="ONEngine\DirectX\DxDescriptor.cpp">
      <Filter>ONEngine\DirectX</Filter>
    </ClCompile>
    <ClCompile Include="ONEngine\DirectX\DxDebug.cpp">
      <Filter>ONEngine\DirectX</Filter>
    </ClCompile>
    <ClCompile Include="ONEngine\DirectX\DxShaderCompiler.cpp">
      <Filter>ONEngine\DirectX</Filter>
    </ClCompile>
    <ClCompile Include="ONEngine\Math\Vector2.cpp">
      <Filter>ONEngine\Math</Filter>
    </ClCompile>
    <ClCompile Include="ONEngine\Math\Vector3.cpp">
      <Filter>ONEngine\Math</Filter>
    </ClCompile>
    <ClCompile Include="ONEngine\Math\Vector4.cpp">
      <Filter>ONEngine\Math</Filter>
    </ClCompile>
    <ClCompile Include="ONEngine\Math\Matrix4x4.cpp">
      <Filter>ONEngine\Math</Filter>
    </ClCompile>
    <ClCompile Include="ONEngine\Graphics\PipelineState\PipelineState.cpp">
      <Filter>ONEngine\Graphics\PipelineState</Filter>
    </ClCompile>
    <ClCompile Include="ONEngine\Graphics\Drawer\Model\Model.cpp">
      <Filter>ONEngine\Graphics\Drawer\Model</Filter>
    </ClCompile>
    <ClCompile Include="ONEngine\Graphics\Drawer\Model\ModelManager.cpp">
      <Filter>ONEngine\Graphics\Drawer\Model</Filter>
    </ClCompile>
    <ClCompile Include="ONEngine\DirectX\DxResourceCreator.cpp">
      <Filter>ONEngine\DirectX</Filter>
    </ClCompile>
    <ClCompile Include="Game\Objects\Camera\Manager\BaseCamera.cpp">
      <Filter>Game\Objects\Camera\Manager</Filter>
    </ClCompile>
    <ClCompile Include="Game\Objects\Camera\Manager\CameraManager.cpp">
      <Filter>Game\Objects\Camera\Manager</Filter>
    </ClCompile>
    <ClCompile Include="Game\Objects\Camera\GameCamera.cpp">
      <Filter>Game\Objects\Camera</Filter>
    </ClCompile>
    <ClCompile Include="ONEngine\Graphics\TextureManager\TextureManager.cpp">
      <Filter>ONEngine\Graphics\TextureManager</Filter>
    </ClCompile>
    <ClCompile Include="ONEngine\Graphics\TextureManager\Texture.cpp">
      <Filter>ONEngine\Graphics\TextureManager</Filter>
    </ClCompile>
    <ClCompile Include="ONEngine\DirectX\DxBarrierCreator.cpp">
      <Filter>ONEngine\DirectX</Filter>
    </ClCompile>
    <ClCompile Include="ONEngine\Graphics\Drawer\Mesh\Mesh.cpp">
      <Filter>ONEngine\Graphics\Drawer\Mesh</Filter>
    </ClCompile>
    <ClCompile Include="ONEngine\Graphics\Drawer\Material\Material.cpp">
      <Filter>ONEngine\Graphics\Drawer\Material</Filter>
    </ClCompile>
    <ClCompile Include="ONEngine\DirectX\DxDepthStencil.cpp">
      <Filter>ONEngine\DirectX</Filter>
    </ClCompile>
    <ClCompile Include="Externals\imgui\imgui.cpp">
      <Filter>Externals\imgui</Filter>
    </ClCompile>
    <ClCompile Include="Externals\imgui\imgui_demo.cpp">
      <Filter>Externals\imgui</Filter>
    </ClCompile>
    <ClCompile Include="Externals\imgui\imgui_draw.cpp">
      <Filter>Externals\imgui</Filter>
    </ClCompile>
    <ClCompile Include="Externals\imgui\imgui_impl_dx12.cpp">
      <Filter>Externals\imgui</Filter>
    </ClCompile>
    <ClCompile Include="Externals\imgui\imgui_impl_win32.cpp">
      <Filter>Externals\imgui</Filter>
    </ClCompile>
    <ClCompile Include="Externals\imgui\imgui_tables.cpp">
      <Filter>Externals\imgui</Filter>
    </ClCompile>
    <ClCompile Include="Externals\imgui\imgui_widgets.cpp">
      <Filter>Externals\imgui</Filter>
    </ClCompile>
    <ClCompile Include="ONEngine\ImGuiManager\ImGuiManager.cpp">
      <Filter>ONEngine\ImGuiManager</Filter>
    </ClCompile>
    <ClCompile Include="Game\Scenes\Manager\BaseScene.cpp">
      <Filter>Game\Scenes\Manager</Filter>
    </ClCompile>
    <ClCompile Include="Game\Scenes\Manager\SceneManager.cpp">
      <Filter>Game\Scenes\Manager</Filter>
    </ClCompile>
    <ClCompile Include="Game\Scenes\Scene_Game.cpp">
      <Filter>Game\Scenes</Filter>
    </ClCompile>
    <ClCompile Include="ONEngine\Graphics\Drawer\Sprite\Sprite.cpp">
      <Filter>ONEngine\Graphics\Drawer\Sprite</Filter>
    </ClCompile>
    <ClCompile Include="ONEngine\Graphics\Drawer\Sprite\SpriteManager.cpp">
      <Filter>ONEngine\Graphics\Drawer\Sprite</Filter>
    </ClCompile>
    <ClCompile Include="ONEngine\Input\Keyboard.cpp">
      <Filter>ONEngine\Input</Filter>
    </ClCompile>
    <ClCompile Include="ONEngine\Input\Input.cpp">
      <Filter>ONEngine\Input</Filter>
    </ClCompile>
    <ClCompile Include="ONEngine\Input\Mouse.cpp">
      <Filter>ONEngine\Input</Filter>
    </ClCompile>
    <ClCompile Include="Game\Objects\Camera\DebugCamera.cpp">
      <Filter>Game\Objects\Camera</Filter>
    </ClCompile>
    <ClCompile Include="Game\Scenes\Scene_Debug.cpp">
      <Filter>Game\Scenes</Filter>
    </ClCompile>
    <ClCompile Include="ONEngine\Graphics\Drawer\Floor\Floor.cpp">
      <Filter>ONEngine\Graphics\Drawer\Floor</Filter>
    </ClCompile>
    <ClCompile Include="ONEngine\Math\Matrix3x3.cpp">
      <Filter>ONEngine\Math</Filter>
    </ClCompile>
    <ClCompile Include="ONEngine\Audio\AudioManager.cpp">
      <Filter>ONEngine\Audio</Filter>
    </ClCompile>
    <ClCompile Include="ONEngine\Audio\AudioClip.cpp">
      <Filter>ONEngine\Audio</Filter>
    </ClCompile>
    <ClCompile Include="ONEngine\GameObject\BaseGameObject.cpp">
      <Filter>ONEngine\GameObject</Filter>
    </ClCompile>
    <ClCompile Include="ONEngine\GameObject\GameObjectManager.cpp">
      <Filter>ONEngine\GameObject</Filter>
    </ClCompile>
    <ClCompile Include="ONEngine\Graphics\RenderTexture\RenderTexture.cpp">
      <Filter>ONEngine\Graphics\RenderTexture</Filter>
    </ClCompile>
    <ClCompile Include="ONEngine\Graphics\RenderTexture\RenderTextureManager.cpp">
      <Filter>ONEngine\Graphics\RenderTexture</Filter>
    </ClCompile>
    <ClCompile Include="ONEngine\Graphics\PostEffect\Bloom\Bloom.cpp">
      <Filter>ONEngine\Graphics\PostEffect\Bloom</Filter>
    </ClCompile>
    <ClCompile Include="ONEngine\Graphics\Drawer\LineDrawer2D\LineDrawer2D.cpp">
      <Filter>ONEngine\Graphics\Drawer\LineDrawer2D</Filter>
    </ClCompile>
    <ClCompile Include="ONEngine\Input\Gamepad.cpp">
      <Filter>ONEngine\Input</Filter>
    </ClCompile>
    <ClCompile Include="ONEngine\Graphics\Light\DirectionalLight.cpp">
      <Filter>ONEngine\Graphics\Light</Filter>
    </ClCompile>
    <ClCompile Include="ONEngine\Graphics\SceneLayer\SceneLayer.cpp">
      <Filter>ONEngine\Graphics\SceneLayer</Filter>
    </ClCompile>
    <ClCompile Include="ONEngine\Random\Random.cpp">
      <Filter>ONEngine\Random</Filter>
    </ClCompile>
    <ClCompile Include="Game\Scenes\Scene_Title.cpp">
      <Filter>Game\Scenes</Filter>
    </ClCompile>
    <ClCompile Include="Game\Scenes\Scene_Result.cpp">
      <Filter>Game\Scenes</Filter>
    </ClCompile>
    <ClCompile Include="ONEngine\Math\Easing.cpp">
      <Filter>ONEngine\Math</Filter>
    </ClCompile>
    <ClCompile Include="Game\Scenes\Scene_Clear.cpp">
      <Filter>Game\Scenes</Filter>
    </ClCompile>
    <ClCompile Include="ONEngine\Component\Base\BaseComponent.cpp">
      <Filter>ONEngine\Component\Base</Filter>
    </ClCompile>
    <ClCompile Include="ONEngine\Component\Transform\Transform.cpp">
      <Filter>ONEngine\Component\Transform</Filter>
    </ClCompile>
    <ClCompile Include="ONEngine\Component\MeshRenderer\MeshRenderer.cpp">
      <Filter>ONEngine\Component\MeshRederer</Filter>
    </ClCompile>
    <ClCompile Include="Game\Objects\Player\Player.cpp">
      <Filter>Game\Objects\Player</Filter>
    </ClCompile>
    <ClCompile Include="ONEngine\Component\AudioSource\AudioSource.cpp">
      <Filter>ONEngine\Component\AudioSource</Filter>
    </ClCompile>
    <ClCompile Include="ONEngine\Component\SpriteRenderer\SpriteRenderer.cpp">
      <Filter>ONEngine\Component\SpriteRenderer</Filter>
    </ClCompile>
    <ClCompile Include="ONEngine\Component\Collider\BaseCollider.cpp">
      <Filter>ONEngine\Component\Collider</Filter>
    </ClCompile>
    <ClCompile Include="ONEngine\Component\Collider\BoxCollider.cpp">
      <Filter>ONEngine\Component\Collider</Filter>
    </ClCompile>
    <ClCompile Include="ONEngine\Component\Collider\SphereCollider.cpp">
      <Filter>ONEngine\Component\Collider</Filter>
    </ClCompile>
    <ClCompile Include="ONEngine\CollisionManager\CollisionManager.cpp">
      <Filter>ONEngine\CollisionManager</Filter>
    </ClCompile>
    <ClCompile Include="ONEngine\CollisionManager\CollisionChecker.cpp">
      <Filter>ONEngine\CollisionManager</Filter>
    </ClCompile>
    <ClCompile Include="ONEngine\Time\Time.cpp">
      <Filter>ONEngine\Time</Filter>
    </ClCompile>
    <ClCompile Include="ONEngine\FrameFixation\FrameFixation.cpp">
      <Filter>ONEngine\FrameFixation</Filter>
    </ClCompile>
  </ItemGroup>
  <ItemGroup>
    <Filter Include="ONEngine">
      <UniqueIdentifier>{614b6c8f-8302-4e3c-9c7c-2e93cdb2150a}</UniqueIdentifier>
    </Filter>
    <Filter Include="ONEngine\Window">
      <UniqueIdentifier>{b04566a3-be33-46ba-90dd-754a028bf064}</UniqueIdentifier>
    </Filter>
    <Filter Include="ONEngine\Logger">
      <UniqueIdentifier>{8a6708dd-c149-4e8c-b62f-7afae548c7aa}</UniqueIdentifier>
    </Filter>
    <Filter Include="ONEngine\DirectX">
      <UniqueIdentifier>{c6f6f37c-c908-44e7-ad6b-7872ef8fa652}</UniqueIdentifier>
    </Filter>
    <Filter Include="ONEngine\Math">
      <UniqueIdentifier>{b6760612-73c0-4d5f-a6b0-c2fcc4ff5c14}</UniqueIdentifier>
    </Filter>
    <Filter Include="Resources">
      <UniqueIdentifier>{c9dc5f27-2b20-4d24-9883-7bad61004c53}</UniqueIdentifier>
    </Filter>
    <Filter Include="Resources\Shaders">
      <UniqueIdentifier>{8af808c5-eca5-4334-b83b-c7d7353036ba}</UniqueIdentifier>
    </Filter>
    <Filter Include="ONEngine\Graphics">
      <UniqueIdentifier>{d3d35a13-36cf-42a7-869d-99427924ea25}</UniqueIdentifier>
    </Filter>
    <Filter Include="ONEngine\Graphics\PipelineState">
      <UniqueIdentifier>{4a0b1795-325b-41ea-81da-f08e24fd4738}</UniqueIdentifier>
    </Filter>
    <Filter Include="ONEngine\Graphics\Drawer">
      <UniqueIdentifier>{23b41f41-b579-4c94-a15f-649d3f1cdc0c}</UniqueIdentifier>
    </Filter>
    <Filter Include="Resources\Shaders\Model">
      <UniqueIdentifier>{5ba0affc-c19d-4e47-bd0f-8ab6e6318811}</UniqueIdentifier>
    </Filter>
    <Filter Include="ONEngine\Graphics\Drawer\Model">
      <UniqueIdentifier>{7355deb2-de0c-41a4-9f8d-f937a9a53c0d}</UniqueIdentifier>
    </Filter>
    <Filter Include="Game">
      <UniqueIdentifier>{16ef1da1-321e-44d1-8482-d88bd256d33c}</UniqueIdentifier>
    </Filter>
    <Filter Include="Game\Objects">
      <UniqueIdentifier>{3abca373-2425-49ed-adb3-129d0cae7142}</UniqueIdentifier>
    </Filter>
    <Filter Include="Game\Objects\Camera">
      <UniqueIdentifier>{cfd5df0c-e660-40ca-8bad-8127c86151bb}</UniqueIdentifier>
    </Filter>
    <Filter Include="Game\Objects\Camera\Manager">
      <UniqueIdentifier>{9e289f59-85c1-4105-abb6-fdddd87b8b04}</UniqueIdentifier>
    </Filter>
    <Filter Include="ONEngine\Graphics\TextureManager">
      <UniqueIdentifier>{a47df584-6006-4bbe-ada9-266ca3eeb47e}</UniqueIdentifier>
    </Filter>
    <Filter Include="ONEngine\Graphics\Drawer\Mesh">
      <UniqueIdentifier>{96560b34-24be-4b34-b602-2bf3e66bec39}</UniqueIdentifier>
    </Filter>
    <Filter Include="ONEngine\Graphics\Drawer\Material">
      <UniqueIdentifier>{e1a0e41f-2518-407e-97d5-292e059cf814}</UniqueIdentifier>
    </Filter>
    <Filter Include="Externals">
      <UniqueIdentifier>{dda628e9-efba-4166-95bf-477032782464}</UniqueIdentifier>
    </Filter>
    <Filter Include="Externals\imgui">
      <UniqueIdentifier>{f607e672-bd36-4eb2-85b0-4691b97fb9eb}</UniqueIdentifier>
    </Filter>
    <Filter Include="ONEngine\ImGuiManager">
      <UniqueIdentifier>{fc0c0eb1-897c-4cee-b2e7-1b0b1f2f4202}</UniqueIdentifier>
    </Filter>
    <Filter Include="Game\Scenes">
      <UniqueIdentifier>{26b6aa1b-3b4a-4214-b77d-5edd7024a2a6}</UniqueIdentifier>
    </Filter>
    <Filter Include="Game\Scenes\Manager">
      <UniqueIdentifier>{52971ea5-3cfa-4686-8b35-14d708cda332}</UniqueIdentifier>
    </Filter>
    <Filter Include="ONEngine\Graphics\Drawer\Sprite">
      <UniqueIdentifier>{de779581-725a-4994-b6f2-ab35b70adf9b}</UniqueIdentifier>
    </Filter>
    <Filter Include="Resources\Shaders\Sprite">
      <UniqueIdentifier>{9cb97157-f504-499e-97ba-f35a64f5082f}</UniqueIdentifier>
    </Filter>
    <Filter Include="ONEngine\Input">
      <UniqueIdentifier>{33ea2c36-9823-4ff1-86d0-4030f2edee2d}</UniqueIdentifier>
    </Filter>
    <Filter Include="Resources\Shaders\Floor">
      <UniqueIdentifier>{cecdee0a-87dd-4e59-b255-45b7a2f97203}</UniqueIdentifier>
    </Filter>
    <Filter Include="ONEngine\Graphics\Drawer\Floor">
      <UniqueIdentifier>{9120d4b4-d367-4cf4-aaeb-78781e034a99}</UniqueIdentifier>
    </Filter>
    <Filter Include="ONEngine\Audio">
      <UniqueIdentifier>{7d0fc280-ddad-4c3b-bd1a-a1b72ad954ba}</UniqueIdentifier>
    </Filter>
    <Filter Include="ONEngine\GameObject">
      <UniqueIdentifier>{d3a7313a-eb6a-4aec-b010-d445d0d06461}</UniqueIdentifier>
    </Filter>
    <Filter Include="Resources\Shaders\BlendRenderTexture">
      <UniqueIdentifier>{86999703-20b2-4a4a-be73-6989da8eaaee}</UniqueIdentifier>
    </Filter>
    <Filter Include="ONEngine\Graphics\RenderTexture">
      <UniqueIdentifier>{88a2e0c7-12d9-43ed-a766-f400cfb9cc26}</UniqueIdentifier>
    </Filter>
    <Filter Include="ONEngine\Graphics\PostEffect">
      <UniqueIdentifier>{d4448a0d-80dc-42f7-a8d2-e5a433eb4917}</UniqueIdentifier>
    </Filter>
    <Filter Include="Resources\Shaders\Bloom">
      <UniqueIdentifier>{446d8125-b2fb-4e40-9bb1-de9fbb6dbdbd}</UniqueIdentifier>
    </Filter>
    <Filter Include="ONEngine\Graphics\PostEffect\Bloom">
      <UniqueIdentifier>{518aaa63-c388-4cf8-b089-0fab17f62b3e}</UniqueIdentifier>
    </Filter>
    <Filter Include="Resources\Shaders\LuminanceExtraction">
      <UniqueIdentifier>{525e09c4-611f-4ca1-9f28-f33125860867}</UniqueIdentifier>
    </Filter>
    <Filter Include="Resources\Shaders\Blur">
      <UniqueIdentifier>{0851d2c1-686c-483b-9e71-f799821f7320}</UniqueIdentifier>
    </Filter>
    <Filter Include="ONEngine\Graphics\Drawer\LineDrawer2D">
      <UniqueIdentifier>{aebf624c-4dfa-4d0b-8919-46aa9bc96cd8}</UniqueIdentifier>
    </Filter>
    <Filter Include="Resources\Shaders\Line2D">
      <UniqueIdentifier>{6c8223e7-cfe0-4272-bec0-1b8eb0aa8171}</UniqueIdentifier>
    </Filter>
    <Filter Include="ONEngine\Graphics\Light">
      <UniqueIdentifier>{723e1a9d-a1a6-4da0-8269-7968f32263f4}</UniqueIdentifier>
    </Filter>
    <Filter Include="ONEngine\Graphics\SceneLayer">
      <UniqueIdentifier>{7f028107-05cf-4636-9dd8-0119558e077c}</UniqueIdentifier>
    </Filter>
    <Filter Include="ONEngine\Random">
      <UniqueIdentifier>{7f6a09a9-adf2-4e49-9f82-c55703bb9ef9}</UniqueIdentifier>
    </Filter>
    <Filter Include="ONEngine\Component">
      <UniqueIdentifier>{8fbfc7cd-10cf-4965-8922-fe5d7b743c41}</UniqueIdentifier>
    </Filter>
    <Filter Include="ONEngine\Component\Base">
      <UniqueIdentifier>{fb13959e-1008-45b0-aa21-d6862cb5e67b}</UniqueIdentifier>
    </Filter>
    <Filter Include="ONEngine\Component\Transform">
      <UniqueIdentifier>{e6b75b98-7297-4591-b588-9c2cab66e066}</UniqueIdentifier>
    </Filter>
    <Filter Include="ONEngine\Component\MeshRederer">
      <UniqueIdentifier>{1059a4f0-0978-4b95-bdac-07ebe80dfae1}</UniqueIdentifier>
    </Filter>
    <Filter Include="Game\Objects\Player">
      <UniqueIdentifier>{2aa1eb55-263f-4765-9e05-a0803a8cf8b0}</UniqueIdentifier>
    </Filter>
    <Filter Include="ONEngine\Component\AudioSource">
      <UniqueIdentifier>{aa4ef7bc-4271-415a-a8e2-dde4fbd361e0}</UniqueIdentifier>
    </Filter>
    <Filter Include="ONEngine\Component\SpriteRenderer">
      <UniqueIdentifier>{3bbd9350-424c-437b-b2fc-f6f204de4f59}</UniqueIdentifier>
    </Filter>
    <Filter Include="ONEngine\Component\Collider">
      <UniqueIdentifier>{209ba477-f1da-410b-8280-87f45b63f7b2}</UniqueIdentifier>
    </Filter>
    <Filter Include="ONEngine\CollisionManager">
      <UniqueIdentifier>{6a642462-45d9-4b3e-b9b2-1def41e69e89}</UniqueIdentifier>
    </Filter>
    <Filter Include="ONEngine\Time">
      <UniqueIdentifier>{31f4694b-ae51-4838-979d-51870a164f22}</UniqueIdentifier>
    </Filter>
    <Filter Include="ONEngine\FrameFixation">
      <UniqueIdentifier>{fc53e316-1098-4147-9df5-77949d7d303a}</UniqueIdentifier>
    </Filter>
  </ItemGroup>
  <ItemGroup>
    <ClInclude Include="ONEngine\Window\WinApp.h">
      <Filter>ONEngine\Window</Filter>
    </ClInclude>
    <ClInclude Include="ONEngine\Logger\Logger.h">
      <Filter>ONEngine\Logger</Filter>
    </ClInclude>
    <ClInclude Include="ONEngine\DirectX\DxCommon.h">
      <Filter>ONEngine\DirectX</Filter>
    </ClInclude>
    <ClInclude Include="ONEngine\DirectX\DxDevice.h">
      <Filter>ONEngine\DirectX</Filter>
    </ClInclude>
    <ClInclude Include="ONEngine\DirectX\DxCommand.h">
      <Filter>ONEngine\DirectX</Filter>
    </ClInclude>
    <ClInclude Include="ONEngine\DirectX\DxDoubleBuffer.h">
      <Filter>ONEngine\DirectX</Filter>
    </ClInclude>
    <ClInclude Include="ONEngine\DirectX\DxDescriptor.h">
      <Filter>ONEngine\DirectX</Filter>
    </ClInclude>
    <ClInclude Include="ONEngine\DirectX\DxDebug.h">
      <Filter>ONEngine\DirectX</Filter>
    </ClInclude>
    <ClInclude Include="ONEngine\DirectX\DxShaderCompiler.h">
      <Filter>ONEngine\DirectX</Filter>
    </ClInclude>
    <ClInclude Include="ONEngine\Math\Vector2.h">
      <Filter>ONEngine\Math</Filter>
    </ClInclude>
    <ClInclude Include="ONEngine\Math\Vector3.h">
      <Filter>ONEngine\Math</Filter>
    </ClInclude>
    <ClInclude Include="ONEngine\Math\Vector4.h">
      <Filter>ONEngine\Math</Filter>
    </ClInclude>
    <ClInclude Include="ONEngine\Math\Matrix4x4.h">
      <Filter>ONEngine\Math</Filter>
    </ClInclude>
    <ClInclude Include="ONEngine\Graphics\PipelineState\PipelineState.h">
      <Filter>ONEngine\Graphics\PipelineState</Filter>
    </ClInclude>
    <ClInclude Include="ONEngine\Graphics\Drawer\Model\Model.h">
      <Filter>ONEngine\Graphics\Drawer\Model</Filter>
    </ClInclude>
    <ClInclude Include="ONEngine\Graphics\Drawer\Model\ModelManager.h">
      <Filter>ONEngine\Graphics\Drawer\Model</Filter>
    </ClInclude>
    <ClInclude Include="ONEngine\DirectX\DxResourceCreator.h">
      <Filter>ONEngine\DirectX</Filter>
    </ClInclude>
    <ClInclude Include="Game\Objects\Camera\Manager\BaseCamera.h">
      <Filter>Game\Objects\Camera\Manager</Filter>
    </ClInclude>
    <ClInclude Include="Game\Objects\Camera\Manager\CameraManager.h">
      <Filter>Game\Objects\Camera\Manager</Filter>
    </ClInclude>
    <ClInclude Include="Game\Objects\Camera\GameCamera.h">
      <Filter>Game\Objects\Camera</Filter>
    </ClInclude>
    <ClInclude Include="ONEngine\Graphics\TextureManager\TextureManager.h">
      <Filter>ONEngine\Graphics\TextureManager</Filter>
    </ClInclude>
    <ClInclude Include="ONEngine\Graphics\TextureManager\Texture.h">
      <Filter>ONEngine\Graphics\TextureManager</Filter>
    </ClInclude>
    <ClInclude Include="ONEngine\DirectX\DxBarrierCreator.h">
      <Filter>ONEngine\DirectX</Filter>
    </ClInclude>
    <ClInclude Include="ONEngine\Graphics\Drawer\Mesh\Mesh.h">
      <Filter>ONEngine\Graphics\Drawer\Mesh</Filter>
    </ClInclude>
    <ClInclude Include="ONEngine\Graphics\Drawer\Material\Material.h">
      <Filter>ONEngine\Graphics\Drawer\Material</Filter>
    </ClInclude>
    <ClInclude Include="ONEngine\DirectX\DxDepthStencil.h">
      <Filter>ONEngine\DirectX</Filter>
    </ClInclude>
    <ClInclude Include="Externals\imgui\imconfig.h">
      <Filter>Externals\imgui</Filter>
    </ClInclude>
    <ClInclude Include="Externals\imgui\imgui.h">
      <Filter>Externals\imgui</Filter>
    </ClInclude>
    <ClInclude Include="Externals\imgui\imgui_impl_dx12.h">
      <Filter>Externals\imgui</Filter>
    </ClInclude>
    <ClInclude Include="Externals\imgui\imgui_impl_win32.h">
      <Filter>Externals\imgui</Filter>
    </ClInclude>
    <ClInclude Include="Externals\imgui\imgui_internal.h">
      <Filter>Externals\imgui</Filter>
    </ClInclude>
    <ClInclude Include="Externals\imgui\imstb_rectpack.h">
      <Filter>Externals\imgui</Filter>
    </ClInclude>
    <ClInclude Include="Externals\imgui\imstb_textedit.h">
      <Filter>Externals\imgui</Filter>
    </ClInclude>
    <ClInclude Include="Externals\imgui\imstb_truetype.h">
      <Filter>Externals\imgui</Filter>
    </ClInclude>
    <ClInclude Include="ONEngine\ImGuiManager\ImGuiManager.h">
      <Filter>ONEngine\ImGuiManager</Filter>
    </ClInclude>
    <ClInclude Include="Game\Scenes\Manager\BaseScene.h">
      <Filter>Game\Scenes\Manager</Filter>
    </ClInclude>
    <ClInclude Include="Game\Scenes\Manager\SceneManager.h">
      <Filter>Game\Scenes\Manager</Filter>
    </ClInclude>
    <ClInclude Include="Game\Scenes\Scene_Game.h">
      <Filter>Game\Scenes</Filter>
    </ClInclude>
    <ClInclude Include="ONEngine\Graphics\Drawer\Sprite\Sprite.h">
      <Filter>ONEngine\Graphics\Drawer\Sprite</Filter>
    </ClInclude>
    <ClInclude Include="ONEngine\Graphics\Drawer\Sprite\SpriteManager.h">
      <Filter>ONEngine\Graphics\Drawer\Sprite</Filter>
    </ClInclude>
    <ClInclude Include="ONEngine\Input\Keyboard.h">
      <Filter>ONEngine\Input</Filter>
    </ClInclude>
    <ClInclude Include="ONEngine\Input\Input.h">
      <Filter>ONEngine\Input</Filter>
    </ClInclude>
    <ClInclude Include="ONEngine\Input\Mouse.h">
      <Filter>ONEngine\Input</Filter>
    </ClInclude>
    <ClInclude Include="Game\Objects\Camera\DebugCamera.h">
      <Filter>Game\Objects\Camera</Filter>
    </ClInclude>
    <ClInclude Include="Game\Scenes\Scene_Debug.h">
      <Filter>Game\Scenes</Filter>
    </ClInclude>
    <ClInclude Include="ONEngine\Graphics\Drawer\Floor\Floor.h">
      <Filter>ONEngine\Graphics\Drawer\Floor</Filter>
    </ClInclude>
    <ClInclude Include="ONEngine\Math\Matrix3x3.h">
      <Filter>ONEngine\Math</Filter>
    </ClInclude>
    <ClInclude Include="ONEngine\Audio\AudioManager.h">
      <Filter>ONEngine\Audio</Filter>
    </ClInclude>
    <ClInclude Include="ONEngine\Audio\AudioClip.h">
      <Filter>ONEngine\Audio</Filter>
    </ClInclude>
    <ClInclude Include="ONEngine\GameObject\BaseGameObject.h">
      <Filter>ONEngine\GameObject</Filter>
    </ClInclude>
    <ClInclude Include="ONEngine\GameObject\GameObjectManager.h">
      <Filter>ONEngine\GameObject</Filter>
    </ClInclude>
    <ClInclude Include="ONEngine\Graphics\RenderTexture\RenderTexture.h">
      <Filter>ONEngine\Graphics\RenderTexture</Filter>
    </ClInclude>
    <ClInclude Include="ONEngine\Graphics\RenderTexture\RenderTextureManager.h">
      <Filter>ONEngine\Graphics\RenderTexture</Filter>
    </ClInclude>
    <ClInclude Include="ONEngine\Graphics\PostEffect\Bloom\Bloom.h">
      <Filter>ONEngine\Graphics\PostEffect\Bloom</Filter>
    </ClInclude>
    <ClInclude Include="ONEngine\Graphics\Drawer\LineDrawer2D\LineDrawer2D.h">
      <Filter>ONEngine\Graphics\Drawer\LineDrawer2D</Filter>
    </ClInclude>
    <ClInclude Include="ONEngine\Input\Gamepad.h">
      <Filter>ONEngine\Input</Filter>
    </ClInclude>
    <ClInclude Include="ONEngine\Graphics\Light\DirectionalLight.h">
      <Filter>ONEngine\Graphics\Light</Filter>
    </ClInclude>
    <ClInclude Include="ONEngine\Graphics\SceneLayer\SceneLayer.h">
      <Filter>ONEngine\Graphics\SceneLayer</Filter>
    </ClInclude>
    <ClInclude Include="ONEngine\Random\Random.h">
      <Filter>ONEngine\Random</Filter>
    </ClInclude>
    <ClInclude Include="Game\Scenes\Scene_Title.h">
      <Filter>Game\Scenes</Filter>
    </ClInclude>
    <ClInclude Include="Game\Scenes\Scene_Result.h">
      <Filter>Game\Scenes</Filter>
    </ClInclude>
    <ClInclude Include="ONEngine\Math\Easing.h">
      <Filter>ONEngine\Math</Filter>
    </ClInclude>
    <ClInclude Include="Game\Scenes\Scene_Clear.h">
      <Filter>Game\Scenes</Filter>
    </ClInclude>
    <ClInclude Include="ONEngine\Component\Base\BaseComponent.h">
      <Filter>ONEngine\Component\Base</Filter>
    </ClInclude>
    <ClInclude Include="ONEngine\Component\Transform\Transform.h">
      <Filter>ONEngine\Component\Transform</Filter>
    </ClInclude>
    <ClInclude Include="ONEngine\Component\MeshRenderer\MeshRenderer.h">
      <Filter>ONEngine\Component\MeshRederer</Filter>
    </ClInclude>
    <ClInclude Include="Game\Objects\Player\Player.h">
      <Filter>Game\Objects\Player</Filter>
    </ClInclude>
    <ClInclude Include="ONEngine\Math\CreateName.h">
      <Filter>ONEngine\Math</Filter>
    </ClInclude>
    <ClInclude Include="ONEngine\Component\AudioSource\AudioSource.h">
      <Filter>ONEngine\Component\AudioSource</Filter>
    </ClInclude>
    <ClInclude Include="ONEngine\Component\SpriteRenderer\SpriteRenderer.h">
      <Filter>ONEngine\Component\SpriteRenderer</Filter>
    </ClInclude>
    <ClInclude Include="ONEngine\Component\Collider\BaseCollider.h">
      <Filter>ONEngine\Component\Collider</Filter>
    </ClInclude>
    <ClInclude Include="ONEngine\Component\Collider\BoxCollider.h">
      <Filter>ONEngine\Component\Collider</Filter>
    </ClInclude>
    <ClInclude Include="ONEngine\Component\Collider\SphereCollider.h">
      <Filter>ONEngine\Component\Collider</Filter>
    </ClInclude>
    <ClInclude Include="ONEngine\CollisionManager\CollisionManager.h">
      <Filter>ONEngine\CollisionManager</Filter>
    </ClInclude>
    <ClInclude Include="ONEngine\CollisionManager\CollisionChecker.h">
      <Filter>ONEngine\CollisionManager</Filter>
    </ClInclude>
    <ClInclude Include="ONEngine\Time\Time.h">
      <Filter>ONEngine\Time</Filter>
    </ClInclude>
    <ClInclude Include="ONEngine\FrameFixation\FrameFixation.h">
      <Filter>ONEngine\FrameFixation</Filter>
    </ClInclude>
  </ItemGroup>
  <ItemGroup>
    <None Include="Resources\Shaders\Model\Model.hlsli">
      <Filter>Resources\Shaders\Model</Filter>
    </None>
    <None Include="Resources\Shaders\Sprite\Sprite.hlsli">
      <Filter>Resources\Shaders\Sprite</Filter>
    </None>
    <None Include="Resources\Shaders\Floor\Floor.hlsli">
      <Filter>Resources\Shaders\Floor</Filter>
    </None>
    <None Include="Resources\Shaders\BlendRenderTexture\BlendRenderTexture.hlsli">
      <Filter>Resources\Shaders\BlendRenderTexture</Filter>
    </None>
    <None Include="Resources\Shaders\Bloom\Bloom.hlsli">
      <Filter>Resources\Shaders\Bloom</Filter>
    </None>
    <None Include="Resources\Shaders\LuminanceExtraction\LuminanceExtraction.hlsli">
      <Filter>Resources\Shaders\LuminanceExtraction</Filter>
    </None>
    <None Include="Resources\Shaders\Blur\Blur.hlsli">
      <Filter>Resources\Shaders\Blur</Filter>
    </None>
    <None Include="Resources\Shaders\Line2D\Line2D.hlsli">
      <Filter>Resources\Shaders\Line2D</Filter>
    </None>
  </ItemGroup>
  <ItemGroup>
    <FxCompile Include="Resources\Shaders\Model\Model.PS.hlsl">
      <Filter>Resources\Shaders\Model</Filter>
    </FxCompile>
    <FxCompile Include="Resources\Shaders\Model\Model.VS.hlsl">
      <Filter>Resources\Shaders\Model</Filter>
    </FxCompile>
    <FxCompile Include="Resources\Shaders\Sprite\Sprite.PS.hlsl">
      <Filter>Resources\Shaders\Sprite</Filter>
    </FxCompile>
    <FxCompile Include="Resources\Shaders\Sprite\Sprite.VS.hlsl">
      <Filter>Resources\Shaders\Sprite</Filter>
    </FxCompile>
    <FxCompile Include="Resources\Shaders\Floor\Floor.PS.hlsl">
      <Filter>Resources\Shaders\Floor</Filter>
    </FxCompile>
    <FxCompile Include="Resources\Shaders\Floor\Floor.VS.hlsl">
      <Filter>Resources\Shaders\Floor</Filter>
    </FxCompile>
    <FxCompile Include="Resources\Shaders\BlendRenderTexture\BlendRenderTexture.PS.hlsl">
      <Filter>Resources\Shaders\BlendRenderTexture</Filter>
    </FxCompile>
    <FxCompile Include="Resources\Shaders\BlendRenderTexture\BlendRenderTexture.VS.hlsl">
      <Filter>Resources\Shaders\BlendRenderTexture</Filter>
    </FxCompile>
    <FxCompile Include="Resources\Shaders\Bloom\Bloom.PS.hlsl">
      <Filter>Resources\Shaders\Bloom</Filter>
    </FxCompile>
    <FxCompile Include="Resources\Shaders\Bloom\Bloom.VS.hlsl">
      <Filter>Resources\Shaders\Bloom</Filter>
    </FxCompile>
    <FxCompile Include="Resources\Shaders\LuminanceExtraction\LuminanceExtraction.PS.hlsl">
      <Filter>Resources\Shaders\LuminanceExtraction</Filter>
    </FxCompile>
    <FxCompile Include="Resources\Shaders\LuminanceExtraction\LuminanceExtraction.VS.hlsl">
      <Filter>Resources\Shaders\LuminanceExtraction</Filter>
    </FxCompile>
    <FxCompile Include="Resources\Shaders\Blur\Blur.PS.hlsl">
      <Filter>Resources\Shaders\Blur</Filter>
    </FxCompile>
    <FxCompile Include="Resources\Shaders\Blur\Blur.VS.hlsl">
      <Filter>Resources\Shaders\Blur</Filter>
    </FxCompile>
    <FxCompile Include="Resources\Shaders\Line2D\Line2D.PS.hlsl">
      <Filter>Resources\Shaders\Line2D</Filter>
    </FxCompile>
    <FxCompile Include="Resources\Shaders\Line2D\Line2D.VS.hlsl">
      <Filter>Resources\Shaders\Line2D</Filter>
    </FxCompile>
    <FxCompile Include="Resources\Shaders\Line2D\Line2D.GS.hlsl">
      <Filter>Resources\Shaders\Line2D</Filter>
    </FxCompile>
  </ItemGroup>
  <ItemGroup>
    <Text Include="Externals\imgui\LICENSE.txt">
      <Filter>Externals\imgui</Filter>
    </Text>
  </ItemGroup>
</Project>