<?xml version="1.0" encoding="utf-8"?>
<Project ToolsVersion="4.0" xmlns="http://schemas.microsoft.com/developer/msbuild/2003">
  <ItemGroup>
    <ClCompile Include="main.cpp" />
    <ClCompile Include="ONEngine\Window\WinApp.cpp">
      <Filter>ONEngine\Window</Filter>
    </ClCompile>
    <ClCompile Include="ONEngine\Logger\Logger.cpp">
      <Filter>ONEngine\Logger</Filter>
    </ClCompile>
  </ItemGroup>
  <ItemGroup>
    <Filter Include="ONEngine">
      <UniqueIdentifier>{614b6c8f-8302-4e3c-9c7c-2e93cdb2150a}</UniqueIdentifier>
    </Filter>
    <Filter Include="ONEngine\Window">
      <UniqueIdentifier>{b04566a3-be33-46ba-90dd-754a028bf064}</UniqueIdentifier>
    </Filter>
    <Filter Include="ONEngine\Logger">
      <UniqueIdentifier>{8a6708dd-c149-4e8c-b62f-7afae548c7aa}</UniqueIdentifier>
    </Filter>
  </ItemGroup>
  <ItemGroup>
    <ClInclude Include="ONEngine\Window\WinApp.h">
      <Filter>ONEngine\Window</Filter>
    </ClInclude>
    <ClInclude Include="ONEngine\Logger\Logger.h">
      <Filter>ONEngine\Logger</Filter>
    </ClInclude>
  </ItemGroup>
</Project>