<?xml version="1.0" encoding="utf-8"?>
<Project ToolsVersion="4.0" xmlns="http://schemas.microsoft.com/developer/msbuild/2003">
  <ItemGroup>
    <FxCompile Include="Resources\Shaders\BlendRenderTexture\BlendRenderTexture.PS.hlsl" />
    <FxCompile Include="Resources\Shaders\BlendRenderTexture\BlendRenderTexture.VS.hlsl" />
    <FxCompile Include="Resources\Shaders\Bloom\Bloom.PS.hlsl" />
    <FxCompile Include="Resources\Shaders\Bloom\Bloom.VS.hlsl" />
    <FxCompile Include="Resources\Shaders\Blur\Blur.PS.hlsl" />
    <FxCompile Include="Resources\Shaders\Blur\Blur.VS.hlsl" />
    <FxCompile Include="Resources\Shaders\Floor\Floor.PS.hlsl" />
    <FxCompile Include="Resources\Shaders\Floor\Floor.VS.hlsl" />
    <FxCompile Include="Resources\Shaders\Line2D\Line2D.GS.hlsl" />
    <FxCompile Include="Resources\Shaders\Line2D\Line2D.PS.hlsl" />
    <FxCompile Include="Resources\Shaders\Line2D\Line2D.VS.hlsl" />
    <FxCompile Include="Resources\Shaders\Line3D\Line3D.PS.hlsl" />
    <FxCompile Include="Resources\Shaders\Line3D\Line3D.VS.hlsl" />
    <FxCompile Include="Resources\Shaders\LuminanceExtraction\LuminanceExtraction.PS.hlsl" />
    <FxCompile Include="Resources\Shaders\LuminanceExtraction\LuminanceExtraction.VS.hlsl" />
    <FxCompile Include="Resources\Shaders\Model\Model.PS.hlsl" />
    <FxCompile Include="Resources\Shaders\Model\Model.VS.hlsl" />
    <FxCompile Include="Resources\Shaders\Particle\Particle.PS.hlsl" />
    <FxCompile Include="Resources\Shaders\Particle\Particle.VS.hlsl" />
    <FxCompile Include="Resources\Shaders\Sprite\Sprite.PS.hlsl" />
    <FxCompile Include="Resources\Shaders\Sprite\Sprite.VS.hlsl" />
  </ItemGroup>
  <ItemGroup>
    <ClCompile Include="Game\Objects\Camera\DebugCamera.cpp" />
    <ClCompile Include="Game\Objects\Camera\GameCamera.cpp" />
    <ClCompile Include="Game\Objects\Camera\Manager\BaseCamera.cpp" />
    <ClCompile Include="Game\Objects\Camera\Manager\CameraManager.cpp" />
    <ClCompile Include="Game\Objects\DemoObject\DemoObject.cpp" />
    <ClCompile Include="Game\Scenes\Manager\BaseScene.cpp" />
    <ClCompile Include="Game\Scenes\Manager\SceneManager.cpp" />
    <ClCompile Include="Game\Scenes\Scene_Clear.cpp" />
    <ClCompile Include="Game\Scenes\Scene_Debug.cpp" />
    <ClCompile Include="Game\Scenes\Scene_Game.cpp" />
    <ClCompile Include="Game\Scenes\Scene_Result.cpp" />
    <ClCompile Include="Game\Scenes\Scene_Title.cpp" />
    <ClCompile Include="Library\CollisionManager\CollisionChecker.cpp" />
    <ClCompile Include="Library\CollisionManager\CollisionManager.cpp" />
    <ClCompile Include="Library\Input\Gamepad.cpp" />
    <ClCompile Include="Library\Input\Input.cpp" />
    <ClCompile Include="Library\Input\Keyboard.cpp" />
    <ClCompile Include="Library\Input\Mouse.cpp" />
    <ClCompile Include="Library\Math\Easing.cpp" />
    <ClCompile Include="Library\Math\Matrix3x3.cpp" />
    <ClCompile Include="Library\Math\Matrix4x4.cpp" />
    <ClCompile Include="Library\Math\Quaternion.cpp" />
    <ClCompile Include="Library\Math\Random.cpp" />
    <ClCompile Include="Library\Math\Vector2.cpp" />
    <ClCompile Include="Library\Math\Vector3.cpp" />
    <ClCompile Include="Library\Math\Vector4.cpp" />
    <ClCompile Include="main.cpp" />
    <ClCompile Include="ONEngine\AudioManager\AudioClip.cpp" />
    <ClCompile Include="ONEngine\AudioManager\AudioManager.cpp" />
    <ClCompile Include="ONEngine\CommandManager\CommandLineInterface.cpp" />
    <ClCompile Include="ONEngine\CommandManager\Commands\BaseCommand.cpp" />
    <ClCompile Include="ONEngine\CommandManager\Commands\CreateNewCommandCMD\CreateNewCommandCMD.cpp" />
    <ClCompile Include="ONEngine\CommandManager\Commands\CreateNewGameObjectCMD\CreateNewGameObjectCMD.cpp" />
    <ClCompile Include="ONEngine\ComponentManager\AnimationRenderer\AnimationRenderer.cpp" />
    <ClCompile Include="ONEngine\ComponentManager\AnimationRenderer\Joint.cpp" />
    <ClCompile Include="ONEngine\ComponentManager\AnimationRenderer\Skeleton.cpp" />
    <ClCompile Include="ONEngine\ComponentManager\AnimationRenderer\SkeletonRenderer.cpp" />
    <ClCompile Include="ONEngine\ComponentManager\AnimationRenderer\Skinning.cpp" />
    <ClCompile Include="ONEngine\ComponentManager\AudioSource\AudioSource.cpp" />
    <ClCompile Include="ONEngine\ComponentManager\Base\BaseComponent.cpp" />
    <ClCompile Include="ONEngine\ComponentManager\Collider\BaseCollider.cpp" />
    <ClCompile Include="ONEngine\ComponentManager\Collider\BoxCollider.cpp" />
    <ClCompile Include="ONEngine\ComponentManager\Collider\SphereCollider.cpp" />
    <ClCompile Include="ONEngine\ComponentManager\MeshInstancingRenderer\MeshInstancingRenderer.cpp" />
    <ClCompile Include="ONEngine\ComponentManager\MeshRenderer\MeshRenderer.cpp" />
    <ClCompile Include="ONEngine\ComponentManager\ParticleSystem\ParticleEmitter.cpp" />
    <ClCompile Include="ONEngine\ComponentManager\ParticleSystem\ParticleField.cpp" />
    <ClCompile Include="ONEngine\ComponentManager\ParticleSystem\ParticleSystem.cpp" />
    <ClCompile Include="ONEngine\ComponentManager\SplinePathRenderer\SplinePathRenderer.cpp" />
    <ClCompile Include="ONEngine\ComponentManager\SpriteRenderer\SpriteRenderer.cpp" />
    <ClCompile Include="ONEngine\ComponentManager\Transform\Transform.cpp" />
    <ClCompile Include="ONEngine\Core\ONEngine.cpp" />
    <ClCompile Include="ONEngine\FrameManager\FrameFixation.cpp" />
    <ClCompile Include="ONEngine\FrameManager\Time.cpp" />
    <ClCompile Include="ONEngine\GameObjectManager\BaseGameObject.cpp" />
    <ClCompile Include="ONEngine\GameObjectManager\GameObjectManager.cpp" />
    <ClCompile Include="ONEngine\GraphicManager\Drawer\Floor\Floor.cpp" />
    <ClCompile Include="ONEngine\GraphicManager\Drawer\LineDrawer\Line2D.cpp" />
    <ClCompile Include="ONEngine\GraphicManager\Drawer\LineDrawer\Line3D.cpp" />
    <ClCompile Include="ONEngine\GraphicManager\Drawer\Material\Material.cpp" />
    <ClCompile Include="ONEngine\GraphicManager\Drawer\Mesh\Mesh.cpp" />
    <ClCompile Include="ONEngine\GraphicManager\Drawer\Sprite\Sprite.cpp" />
    <ClCompile Include="ONEngine\GraphicManager\Drawer\Sprite\SpriteManager.cpp" />
    <ClCompile Include="ONEngine\GraphicManager\GraphicsEngine\DirectX12\DxDescriptorHeap.cpp" />
    <ClCompile Include="ONEngine\GraphicManager\GraphicsEngine\DirectX12\DxBarrierCreator.cpp" />
    <ClCompile Include="ONEngine\GraphicManager\GraphicsEngine\DirectX12\DxCommand.cpp" />
    <ClCompile Include="ONEngine\GraphicManager\GraphicsEngine\DirectX12\DxCommon.cpp" />
    <ClCompile Include="ONEngine\GraphicManager\GraphicsEngine\DirectX12\DxDebug.cpp" />
    <ClCompile Include="ONEngine\GraphicManager\GraphicsEngine\DirectX12\DxDepthStencil.cpp" />
    <ClCompile Include="ONEngine\GraphicManager\GraphicsEngine\DirectX12\DxDevice.cpp" />
    <ClCompile Include="ONEngine\GraphicManager\GraphicsEngine\DirectX12\DxDoubleBuffer.cpp" />
    <ClCompile Include="ONEngine\GraphicManager\GraphicsEngine\DirectX12\DxResourceCreator.cpp" />
    <ClCompile Include="ONEngine\GraphicManager\GraphicsEngine\DirectX12\DxShaderCompiler.cpp" />
    <ClCompile Include="ONEngine\GraphicManager\Light\DirectionalLight.cpp" />
    <ClCompile Include="ONEngine\GraphicManager\ModelManager\Model.cpp" />
    <ClCompile Include="ONEngine\GraphicManager\ModelManager\ModelManager.cpp" />
    <ClCompile Include="ONEngine\GraphicManager\PipelineState\PipelineState.cpp" />
    <ClCompile Include="ONEngine\GraphicManager\PostEffect\Bloom\Bloom.cpp" />
    <ClCompile Include="ONEngine\GraphicManager\RenderTextureManager\RenderTexture.cpp" />
    <ClCompile Include="ONEngine\GraphicManager\RenderTextureManager\RenderTextureManager.cpp" />
    <ClCompile Include="ONEngine\GraphicManager\SceneLayer\SceneLayer.cpp" />
    <ClCompile Include="ONEngine\GraphicManager\TextureManager\Texture.cpp" />
    <ClCompile Include="ONEngine\GraphicManager\TextureManager\TextureManager.cpp" />
    <ClCompile Include="ONEngine\ImGuiManager\ImGuiManager.cpp" />
    <ClCompile Include="ONEngine\LoggingManager\Logger.cpp" />
    <ClCompile Include="ONEngine\WindowManager\Console.cpp" />
    <ClCompile Include="ONEngine\WindowManager\WinApp.cpp" />
    <ClCompile Include="ONEngine\GraphicManager\GraphicsEngine\DirectX12\DxDescriptorHeap.cpp" />
    <ClCompile Include="ONEngine\ComponentManager\AnimationRenderer\Skeleton.cpp" />
    <ClCompile Include="ONEngine\ComponentManager\AnimationRenderer\Joint.cpp" />
    <ClCompile Include="ONEngine\ComponentManager\AnimationRenderer\SkeletonRenderer.cpp" />
    <ClCompile Include="ONEngine\ComponentManager\AnimationRenderer\Skinning.cpp" />
    <ClCompile Include="ONEngine\VariableManager\VariableManager.cpp" />
    <ClCompile Include="ONEngine\ComponentManager\Collider\CapsuleCollider.cpp" />
    <ClCompile Include="Game\Objects\DemoSphereColliderOBJ\DemoSphereColliderOBJ.cpp" />
    <ClCompile Include="Game\Objects\DemoBoxColliderOBJ\DemoBoxColliderOBJ.cpp" />
    <ClCompile Include="ONEngine\ComponentManager\NumberRenderer\NumberRenderer.cpp" />
    <ClCompile Include="ONEngine\ComponentManager\NumberRenderer\NumberRendererCommon.cpp" />
    <ClCompile Include="ONEngine\ComponentManager\RenderComponentInitializer\RenderComponentInitializer.cpp" />
    <ClCompile Include="ONEngine\GraphicManager\GraphicsEngine\DirectX12\DxStructuredBuffer.cpp" />
    <ClCompile Include="ONEngine\Core\GameFrameWork.cpp" />
    <ClCompile Include="ONEngine\FrameManager\ExecutionTimer.cpp" />
    <ClCompile Include="Game\Objects\Enemy\Enemy.cpp" />
    <ClCompile Include="Game\Objects\Player\Behavior\PlayerAvoidanceBehavior.cpp" />
    <ClCompile Include="Game\Objects\Player\Behavior\PlayerRootBehavior.cpp" />
    <ClCompile Include="Game\Objects\Player\Behavior\PlayerWeakAttack.cpp" />
    <ClCompile Include="Game\Objects\Player\Player.cpp" />
    <ClCompile Include="Game\Objects\PlayerHPRenderer\PlayerHPFrame.cpp" />
    <ClCompile Include="Game\Objects\PlayerHPRenderer\PlayerHPRenderer.cpp" />
    <ClCompile Include="Game\Objects\SkyDome\SkyDome.cpp" />
    <ClCompile Include="Game\Objects\Stage\Stage.cpp" />
    <ClCompile Include="Game\Objects\TrackingCamera\TrackingCamera.cpp" />
    <ClCompile Include="Library\Math\LerpShortAngle.cpp" />
    <ClCompile Include="Game\Objects\Enemy\BehaviorWorker\EnemyBehaviorWorlers.cpp" />
    <ClCompile Include="Game\Objects\Enemy\BehaviorTree\EnemyActions.cpp" />
  </ItemGroup>
  <ItemGroup>
    <ClInclude Include="Game\Objects\Camera\DebugCamera.h" />
    <ClInclude Include="Game\Objects\Camera\GameCamera.h" />
    <ClInclude Include="Game\Objects\Camera\Manager\BaseCamera.h" />
    <ClInclude Include="Game\Objects\Camera\Manager\CameraManager.h" />
    <ClInclude Include="Game\Objects\DemoObject\DemoObject.h" />
    <ClInclude Include="Game\Scenes\Manager\BaseScene.h" />
    <ClInclude Include="Game\Scenes\Manager\SceneManager.h" />
    <ClInclude Include="Game\Scenes\Scene_Clear.h" />
    <ClInclude Include="Game\Scenes\Scene_Debug.h" />
    <ClInclude Include="Game\Scenes\Scene_Game.h" />
    <ClInclude Include="Game\Scenes\Scene_Result.h" />
    <ClInclude Include="Game\Scenes\Scene_Title.h" />
    <ClInclude Include="Library\CollisionManager\CollisionChecker.h" />
    <ClInclude Include="Library\CollisionManager\CollisionManager.h" />
    <ClInclude Include="Library\Debugger\Assertion.h" />
    <ClInclude Include="Library\Input\Gamepad.h" />
    <ClInclude Include="Library\Input\Input.h" />
    <ClInclude Include="Library\Input\Keyboard.h" />
    <ClInclude Include="Library\Input\Mouse.h" />
    <ClInclude Include="Library\Math\CreateName.h" />
    <ClInclude Include="Library\Math\Easing.h" />
    <ClInclude Include="Library\Math\Matrix3x3.h" />
    <ClInclude Include="Library\Math\Matrix4x4.h" />
    <ClInclude Include="Library\Math\Quaternion.h" />
    <ClInclude Include="Library\Math\Random.h" />
    <ClInclude Include="Library\Math\Vector2.h" />
    <ClInclude Include="Library\Math\Vector3.h" />
    <ClInclude Include="Library\Math\Vector4.h" />
    <ClInclude Include="ONEngine\AudioManager\AudioClip.h" />
    <ClInclude Include="ONEngine\AudioManager\AudioManager.h" />
    <ClInclude Include="ONEngine\CommandManager\CommandLineInterface.h" />
    <ClInclude Include="ONEngine\CommandManager\Commands\BaseCommand.h" />
    <ClInclude Include="ONEngine\CommandManager\Commands\CreateNewCommandCMD\CreateNewCommandCMD.h" />
    <ClInclude Include="ONEngine\CommandManager\Commands\CreateNewGameObjectCMD\CreateNewGameObjectCMD.h" />
    <ClInclude Include="ONEngine\ComponentManager\AnimationRenderer\AnimationRenderer.h" />
    <ClInclude Include="ONEngine\ComponentManager\AnimationRenderer\Joint.h" />
    <ClInclude Include="ONEngine\ComponentManager\AnimationRenderer\Skeleton.h" />
    <ClInclude Include="ONEngine\ComponentManager\AnimationRenderer\SkeletonRenderer.h" />
    <ClInclude Include="ONEngine\ComponentManager\AnimationRenderer\Skinning.h" />
    <ClInclude Include="ONEngine\ComponentManager\AudioSource\AudioSource.h" />
    <ClInclude Include="ONEngine\ComponentManager\Base\BaseComponent.h" />
    <ClInclude Include="ONEngine\ComponentManager\Collider\BaseCollider.h" />
    <ClInclude Include="ONEngine\ComponentManager\Collider\BoxCollider.h" />
    <ClInclude Include="ONEngine\ComponentManager\Collider\SphereCollider.h" />
    <ClInclude Include="ONEngine\ComponentManager\MeshInstancingRenderer\MeshInstancingRenderer.h" />
    <ClInclude Include="ONEngine\ComponentManager\MeshRenderer\MeshRenderer.h" />
    <ClInclude Include="ONEngine\ComponentManager\ParticleSystem\ParticleEmitter.h" />
    <ClInclude Include="ONEngine\ComponentManager\ParticleSystem\ParticleField.h" />
    <ClInclude Include="ONEngine\ComponentManager\ParticleSystem\ParticleSystem.h" />
    <ClInclude Include="ONEngine\ComponentManager\SplinePathRenderer\SplinePathRenderer.h" />
    <ClInclude Include="ONEngine\ComponentManager\SpriteRenderer\SpriteRenderer.h" />
    <ClInclude Include="ONEngine\ComponentManager\Transform\Transform.h" />
    <ClInclude Include="ONEngine\Core\ONEngine.h" />
    <ClInclude Include="ONEngine\FrameManager\FrameFixation.h" />
    <ClInclude Include="ONEngine\FrameManager\Time.h" />
    <ClInclude Include="ONEngine\GameObjectManager\BaseGameObject.h" />
    <ClInclude Include="ONEngine\GameObjectManager\GameObjectManager.h" />
    <ClInclude Include="ONEngine\GraphicManager\Drawer\Floor\Floor.h" />
    <ClInclude Include="ONEngine\GraphicManager\Drawer\LineDrawer\Line2D.h" />
    <ClInclude Include="ONEngine\GraphicManager\Drawer\LineDrawer\Line3D.h" />
    <ClInclude Include="ONEngine\GraphicManager\Drawer\Material\Material.h" />
    <ClInclude Include="ONEngine\GraphicManager\Drawer\Mesh\Mesh.h" />
    <ClInclude Include="ONEngine\GraphicManager\Drawer\Sprite\Sprite.h" />
    <ClInclude Include="ONEngine\GraphicManager\Drawer\Sprite\SpriteManager.h" />
    <ClInclude Include="ONEngine\GraphicManager\GraphicsEngine\DirectX12\DxDescriptorHeap.h" />
    <ClInclude Include="ONEngine\GraphicManager\GraphicsEngine\DirectX12\DxBarrierCreator.h" />
    <ClInclude Include="ONEngine\GraphicManager\GraphicsEngine\DirectX12\DxCommand.h" />
    <ClInclude Include="ONEngine\GraphicManager\GraphicsEngine\DirectX12\DxCommon.h" />
    <ClInclude Include="ONEngine\GraphicManager\GraphicsEngine\DirectX12\DxDebug.h" />
    <ClInclude Include="ONEngine\GraphicManager\GraphicsEngine\DirectX12\DxDepthStencil.h" />
    <ClInclude Include="ONEngine\GraphicManager\GraphicsEngine\DirectX12\DxDevice.h" />
    <ClInclude Include="ONEngine\GraphicManager\GraphicsEngine\DirectX12\DxDoubleBuffer.h" />
    <ClInclude Include="ONEngine\GraphicManager\GraphicsEngine\DirectX12\DxResourceCreator.h" />
    <ClInclude Include="ONEngine\GraphicManager\GraphicsEngine\DirectX12\DxShaderCompiler.h" />
    <ClInclude Include="ONEngine\GraphicManager\Light\DirectionalLight.h" />
    <ClInclude Include="ONEngine\GraphicManager\ModelManager\Model.h" />
    <ClInclude Include="ONEngine\GraphicManager\ModelManager\ModelManager.h" />
    <ClInclude Include="ONEngine\GraphicManager\PipelineState\PipelineState.h" />
    <ClInclude Include="ONEngine\GraphicManager\PostEffect\Bloom\Bloom.h" />
    <ClInclude Include="ONEngine\GraphicManager\RenderTextureManager\RenderTexture.h" />
    <ClInclude Include="ONEngine\GraphicManager\RenderTextureManager\RenderTextureManager.h" />
    <ClInclude Include="ONEngine\GraphicManager\SceneLayer\SceneLayer.h" />
    <ClInclude Include="ONEngine\GraphicManager\TextureManager\Texture.h" />
    <ClInclude Include="ONEngine\GraphicManager\TextureManager\TextureManager.h" />
    <ClInclude Include="ONEngine\ImGuiManager\ImGuiManager.h" />
    <ClInclude Include="ONEngine\LoggingManager\Logger.h" />
    <ClInclude Include="ONEngine\WindowManager\Console.h" />
    <ClInclude Include="ONEngine\WindowManager\WinApp.h" />
    <ClInclude Include="ONEngine\GraphicManager\GraphicsEngine\DirectX12\DxDescriptorHeap.h" />
    <ClInclude Include="ONEngine\ComponentManager\AnimationRenderer\Skeleton.h" />
    <ClInclude Include="ONEngine\ComponentManager\AnimationRenderer\Joint.h" />
    <ClInclude Include="ONEngine\ComponentManager\AnimationRenderer\SkeletonRenderer.h" />
    <ClInclude Include="ONEngine\ComponentManager\AnimationRenderer\Skinning.h" />
    <ClInclude Include="Library\Debugger\Assertion.h" />
    <ClInclude Include="ONEngine\VariableManager\VariableManager.h" />
    <ClInclude Include="ONEngine\ComponentManager\Collider\CapsuleCollider.h" />
    <ClInclude Include="Game\Objects\DemoSphereColliderOBJ\DemoSphereColliderOBJ.h" />
    <ClInclude Include="Game\Objects\DemoBoxColliderOBJ\DemoBoxColliderOBJ.h" />
    <ClInclude Include="ONEngine\ComponentManager\NumberRenderer\NumberRenderer.h" />
    <ClInclude Include="ONEngine\ComponentManager\NumberRenderer\NumberRendererCommon.h" />
    <ClInclude Include="ONEngine\ComponentManager\RenderComponentInitializer\RenderComponentInitializer.h" />
    <ClInclude Include="ONEngine\GraphicManager\GraphicsEngine\DirectX12\DxStructuredBuffer.h" />
    <ClInclude Include="ONEngine\Core\GameFrameWork.h" />
    <ClInclude Include="ONEngine\FrameManager\ExecutionTimer.h" />
    <ClInclude Include="Game\Objects\TrackingCamera\TrackingCamera.h" />
    <ClInclude Include="Game\Objects\Enemy\BehaviorTree\Node.h" />
    <ClInclude Include="Game\Objects\Enemy\Enemy.h" />
    <ClInclude Include="Game\Objects\Player\Behavior\IPlayerBehavior.h" />
    <ClInclude Include="Game\Objects\Player\Behavior\PlayerAvoidanceBehavior.h" />
    <ClInclude Include="Game\Objects\Player\Behavior\PlayerRootBehavior.h" />
    <ClInclude Include="Game\Objects\Player\Behavior\PlayerWeakAttack.h" />
    <ClInclude Include="Game\Objects\Player\Player.h" />
    <ClInclude Include="Game\Objects\PlayerHPRenderer\PlayerHPFrame.h" />
    <ClInclude Include="Game\Objects\PlayerHPRenderer\PlayerHPRenderer.h" />
    <ClInclude Include="Game\Objects\SkyDome\SkyDome.h" />
    <ClInclude Include="Game\Objects\Stage\Stage.h" />
    <ClInclude Include="Game\Objects\SkyDome\SkyDome.h" />
    <ClInclude Include="Game\Objects\PlayerHPRenderer\PlayerHPRenderer.h" />
    <ClInclude Include="Game\Objects\PlayerHPRenderer\PlayerHPFrame.h" />
    <ClInclude Include="Game\Objects\Player\Behavior\PlayerAvoidanceBehavior.h" />
    <ClInclude Include="Game\Objects\Player\Behavior\PlayerWeakAttack.h" />
    <ClInclude Include="Game\CustomMath\MotionTimes.h" />
    <ClInclude Include="Library\Math\LerpShortAngle.h" />
    <ClInclude Include="Game\Objects\Enemy\BehaviorWorker\EnemyBehaviorWorlers.h" />
    <ClInclude Include="Game\Objects\Enemy\BehaviorTree\EnemyActions.h" />
  </ItemGroup>
  <ItemGroup>
    <None Include="Resources\Shaders\BlendRenderTexture\BlendRenderTexture.hlsli" />
    <None Include="Resources\Shaders\Bloom\Bloom.hlsli" />
    <None Include="Resources\Shaders\Blur\Blur.hlsli" />
    <None Include="Resources\Shaders\Floor\Floor.hlsli" />
    <None Include="Resources\Shaders\Line2D\Line2D.hlsli" />
    <None Include="Resources\Shaders\Line3D\Line3D.hlsli" />
    <None Include="Resources\Shaders\LuminanceExtraction\LuminanceExtraction.hlsli" />
    <None Include="Resources\Shaders\Model\Model.hlsli" />
    <None Include="Resources\Shaders\Particle\Particle.hlsli" />
    <None Include="Resources\Shaders\Sprite\Sprite.hlsli" />
  </ItemGroup>
</Project>